{
  "name": "nodefx",
  "version": "0.0.1",
  "lockfileVersion": 2,
  "requires": true,
  "packages": {
    "": {
      "name": "nodefx",
      "version": "0.0.1",
      "dependencies": {
        "node-web-audio-api": "^0.15.0"
      },
      "devDependencies": {
        "typescript": "^4.5.5"
      }
    },
    "node_modules/@napi-rs/cli": {
      "version": "2.17.0",
      "resolved": "https://artifactory.corp.adobe.com/artifactory/api/npm/npm-adproto-release/@napi-rs/cli/-/cli-2.17.0.tgz",
      "integrity": "sha512-/M7MZ3dIqyFs6c0Bxtk+SOobPq6vYWYqBLYCOKx3dYWqoyJNBEgmDKUTrxIZu9eHw9Ill3WyEoHPqS9P99cd8A==",
      "bin": {
        "napi": "scripts/index.js"
      },
      "engines": {
        "node": ">= 10"
      }
    },
    "node_modules/@napi-rs/triples": {
      "version": "1.2.0",
      "resolved": "https://artifactory.corp.adobe.com/artifactory/api/npm/npm-adproto-release/@napi-rs/triples/-/triples-1.2.0.tgz",
      "integrity": "sha512-HAPjR3bnCsdXBsATpDIP5WCrw0JcACwhhrwIAQhiR46n+jm+a2F8kBsfseAuWtSyQ+H3Yebt2k43B5dy+04yMA=="
    },
    "node_modules/@node-rs/helper": {
      "version": "1.5.0",
      "resolved": "https://artifactory.corp.adobe.com/artifactory/api/npm/npm-adproto-release/@node-rs/helper/-/helper-1.5.0.tgz",
      "integrity": "sha512-4E1laLlg532nkrvUohZzl/wFos3bsHExSDw/guaoLekMcTKtD3ZsH6Vc4/qIRzOzAhQv5LLRnTE+vOeJ6C9Z8w==",
      "dependencies": {
        "@napi-rs/triples": "^1.2.0"
      }
    },
    "node_modules/node-web-audio-api": {
      "version": "0.15.0",
      "resolved": "https://artifactory.corp.adobe.com/artifactory/api/npm/npm-adproto-release/node-web-audio-api/-/node-web-audio-api-0.15.0.tgz",
      "integrity": "sha512-vCseX45APUQvRVfG1y3FmiQjlQKmfx8B0FS9bhNu1LkXA1cqEXZzaGWiFCEmzzqCgxKgNngkVZpPS+sYw+DSkg==",
      "dependencies": {
        "@napi-rs/cli": "^2.14.3",
        "@node-rs/helper": "^1.3.3"
      },
      "engines": {
        "node": ">= 14"
      }
    },
    "node_modules/typescript": {
      "version": "4.9.5",
      "resolved": "https://artifactory.corp.adobe.com/artifactory/api/npm/npm-adproto-release/typescript/-/typescript-4.9.5.tgz",
      "integrity": "sha512-1FXk9E2Hm+QzZQ7z+McJiHL4NW1F2EzMu9Nq9i3zAaGqibafqYwCVU6WyWAuyQRRzOlxou8xZSyXLEN8oKj24g==",
      "dev": true,
      "bin": {
        "tsc": "bin/tsc",
        "tsserver": "bin/tsserver"
      },
      "engines": {
        "node": ">=4.2.0"
      }
    }
  },
  "dependencies": {
    "@napi-rs/cli": {
      "version": "2.17.0",
      "resolved": "https://artifactory.corp.adobe.com/artifactory/api/npm/npm-adproto-release/@napi-rs/cli/-/cli-2.17.0.tgz",
      "integrity": "sha512-/M7MZ3dIqyFs6c0Bxtk+SOobPq6vYWYqBLYCOKx3dYWqoyJNBEgmDKUTrxIZu9eHw9Ill3WyEoHPqS9P99cd8A=="
    },
    "@napi-rs/triples": {
      "version": "1.2.0",
      "resolved": "https://artifactory.corp.adobe.com/artifactory/api/npm/npm-adproto-release/@napi-rs/triples/-/triples-1.2.0.tgz",
      "integrity": "sha512-HAPjR3bnCsdXBsATpDIP5WCrw0JcACwhhrwIAQhiR46n+jm+a2F8kBsfseAuWtSyQ+H3Yebt2k43B5dy+04yMA=="
    },
    "@node-rs/helper": {
      "version": "1.5.0",
      "resolved": "https://artifactory.corp.adobe.com/artifactory/api/npm/npm-adproto-release/@node-rs/helper/-/helper-1.5.0.tgz",
      "integrity": "sha512-4E1laLlg532nkrvUohZzl/wFos3bsHExSDw/guaoLekMcTKtD3ZsH6Vc4/qIRzOzAhQv5LLRnTE+vOeJ6C9Z8w==",
      "requires": {
        "@napi-rs/triples": "^1.2.0"
      }
    },
    "node-web-audio-api": {
      "version": "0.15.0",
      "resolved": "https://artifactory.corp.adobe.com/artifactory/api/npm/npm-adproto-release/node-web-audio-api/-/node-web-audio-api-0.15.0.tgz",
      "integrity": "sha512-vCseX45APUQvRVfG1y3FmiQjlQKmfx8B0FS9bhNu1LkXA1cqEXZzaGWiFCEmzzqCgxKgNngkVZpPS+sYw+DSkg==",
      "requires": {
        "@napi-rs/cli": "^2.14.3",
        "@node-rs/helper": "^1.3.3"
      }
    },
    "typescript": {
      "version": "4.9.5",
      "resolved": "https://artifactory.corp.adobe.com/artifactory/api/npm/npm-adproto-release/typescript/-/typescript-4.9.5.tgz",
      "integrity": "sha512-1FXk9E2Hm+QzZQ7z+McJiHL4NW1F2EzMu9Nq9i3zAaGqibafqYwCVU6WyWAuyQRRzOlxou8xZSyXLEN8oKj24g==",
      "dev": true
    }
  }
}
